{
  "name": "hsm",
  "version": "1.0.0",
  "lockfileVersion": 3,
  "requires": true,
  "packages": {
    "": {
      "name": "hsm",
      "version": "1.0.0",
      "license": "SEE LICENCE IN license.md",
      "dependencies": {
        "@peculiar/x509": "^1.9.3",
        "node-webcrypto-p11": "^2.6.1"
      }
    },
    "node_modules/@peculiar/asn1-cms": {
      "version": "2.3.4",
      "resolved": "https://registry.npmjs.org/@peculiar/asn1-cms/-/asn1-cms-2.3.4.tgz",
      "integrity": "sha512-tpPA+/qsrkaEiVhZYebprtLmQCfAeI40A2zrw+TmXCxTUSL59LweremOBlFr5fSp+6rLORdGqu/NM+hHhbJKMg==",
      "dependencies": {
        "@peculiar/asn1-schema": "^2.3.3",
        "@peculiar/asn1-x509": "^2.3.4",
        "@peculiar/asn1-x509-attr": "^2.3.4",
        "asn1js": "^3.0.5",
        "tslib": "^2.4.0"
      }
    },
    "node_modules/@peculiar/asn1-cms/node_modules/tslib": {
      "version": "2.5.0",
      "resolved": "https://registry.npmjs.org/tslib/-/tslib-2.5.0.tgz",
      "integrity": "sha512-336iVw3rtn2BUK7ORdIAHTyxHGRIHVReokCR3XjbckJMK7ms8FysBfhLR8IXnAgy7T0PTPNBWKiH514FOW/WSg=="
    },
    "node_modules/@peculiar/asn1-csr": {
      "version": "2.3.4",
      "resolved": "https://registry.npmjs.org/@peculiar/asn1-csr/-/asn1-csr-2.3.4.tgz",
      "integrity": "sha512-2TO212diBwXnR7/PH393ADWVA8LHGmOwmPiRPU0qZ928KzYRore8+vt9I62UmJHMaEAbXo3NVUCw1qR4njXpeQ==",
      "dependencies": {
        "@peculiar/asn1-schema": "^2.3.3",
        "@peculiar/asn1-x509": "^2.3.4",
        "asn1js": "^3.0.5",
        "tslib": "^2.4.0"
      }
    },
    "node_modules/@peculiar/asn1-csr/node_modules/tslib": {
      "version": "2.5.0",
      "resolved": "https://registry.npmjs.org/tslib/-/tslib-2.5.0.tgz",
      "integrity": "sha512-336iVw3rtn2BUK7ORdIAHTyxHGRIHVReokCR3XjbckJMK7ms8FysBfhLR8IXnAgy7T0PTPNBWKiH514FOW/WSg=="
    },
    "node_modules/@peculiar/asn1-ecc": {
      "version": "2.3.4",
      "resolved": "https://registry.npmjs.org/@peculiar/asn1-ecc/-/asn1-ecc-2.3.4.tgz",
      "integrity": "sha512-Iid8DVaVg9/BGlLUKjAbQYF72kk3XZucuIgZm6OEFzF15IrfOAVPMI0yJ/JvrM2tREb9BDDIrHLHmV6QQngM+g==",
      "dependencies": {
        "@peculiar/asn1-schema": "^2.3.3",
        "@peculiar/asn1-x509": "^2.3.4",
        "asn1js": "^3.0.5",
        "tslib": "^2.4.0"
      }
    },
    "node_modules/@peculiar/asn1-ecc/node_modules/tslib": {
      "version": "2.5.0",
      "resolved": "https://registry.npmjs.org/tslib/-/tslib-2.5.0.tgz",
      "integrity": "sha512-336iVw3rtn2BUK7ORdIAHTyxHGRIHVReokCR3XjbckJMK7ms8FysBfhLR8IXnAgy7T0PTPNBWKiH514FOW/WSg=="
    },
    "node_modules/@peculiar/asn1-pfx": {
      "version": "2.3.4",
      "resolved": "https://registry.npmjs.org/@peculiar/asn1-pfx/-/asn1-pfx-2.3.4.tgz",
      "integrity": "sha512-CtKO2FDxvJN6cHogdRr1SAyJRyQ9/jtwNu3HwM1tVBhNYjtaLAiLx4LOW8/ILyGlr5b5HijtZyh6FRV7FMi9pw==",
      "dependencies": {
        "@peculiar/asn1-cms": "^2.3.4",
        "@peculiar/asn1-pkcs8": "^2.3.4",
        "@peculiar/asn1-rsa": "^2.3.4",
        "@peculiar/asn1-schema": "^2.3.3",
        "asn1js": "^3.0.5",
        "tslib": "^2.4.0"
      }
    },
    "node_modules/@peculiar/asn1-pfx/node_modules/tslib": {
      "version": "2.5.0",
      "resolved": "https://registry.npmjs.org/tslib/-/tslib-2.5.0.tgz",
      "integrity": "sha512-336iVw3rtn2BUK7ORdIAHTyxHGRIHVReokCR3XjbckJMK7ms8FysBfhLR8IXnAgy7T0PTPNBWKiH514FOW/WSg=="
    },
    "node_modules/@peculiar/asn1-pkcs8": {
      "version": "2.3.4",
      "resolved": "https://registry.npmjs.org/@peculiar/asn1-pkcs8/-/asn1-pkcs8-2.3.4.tgz",
      "integrity": "sha512-XmWSLkFgoDwjiHM+I5Qzn8J/7q75c2q3qDyBqsrn/JpLqnyXVPWWYCtJe8OhMTy5OcEG0ntq9kNWBZIFqhoDsg==",
      "dependencies": {
        "@peculiar/asn1-schema": "^2.3.3",
        "@peculiar/asn1-x509": "^2.3.4",
        "asn1js": "^3.0.5",
        "tslib": "^2.4.0"
      }
    },
    "node_modules/@peculiar/asn1-pkcs8/node_modules/tslib": {
      "version": "2.5.0",
      "resolved": "https://registry.npmjs.org/tslib/-/tslib-2.5.0.tgz",
      "integrity": "sha512-336iVw3rtn2BUK7ORdIAHTyxHGRIHVReokCR3XjbckJMK7ms8FysBfhLR8IXnAgy7T0PTPNBWKiH514FOW/WSg=="
    },
    "node_modules/@peculiar/asn1-pkcs9": {
      "version": "2.3.4",
      "resolved": "https://registry.npmjs.org/@peculiar/asn1-pkcs9/-/asn1-pkcs9-2.3.4.tgz",
      "integrity": "sha512-O/iAdTCtIaAx/eMQ2lgkH6y9XFNjPYSX7bsmDRmmpJO3HGTWsKcYt0lf9zaqkhR6x4/6obG8S1Rc/5L6KYgXcA==",
      "dependencies": {
        "@peculiar/asn1-cms": "^2.3.4",
        "@peculiar/asn1-pfx": "^2.3.4",
        "@peculiar/asn1-pkcs8": "^2.3.4",
        "@peculiar/asn1-schema": "^2.3.3",
        "@peculiar/asn1-x509": "^2.3.4",
        "@peculiar/asn1-x509-attr": "^2.3.4",
        "asn1js": "^3.0.5",
        "tslib": "^2.4.0"
      }
    },
    "node_modules/@peculiar/asn1-pkcs9/node_modules/tslib": {
      "version": "2.5.0",
      "resolved": "https://registry.npmjs.org/tslib/-/tslib-2.5.0.tgz",
      "integrity": "sha512-336iVw3rtn2BUK7ORdIAHTyxHGRIHVReokCR3XjbckJMK7ms8FysBfhLR8IXnAgy7T0PTPNBWKiH514FOW/WSg=="
    },
    "node_modules/@peculiar/asn1-rsa": {
      "version": "2.3.4",
      "resolved": "https://registry.npmjs.org/@peculiar/asn1-rsa/-/asn1-rsa-2.3.4.tgz",
      "integrity": "sha512-RMQu0a/dfylQpO+jNZD80MuNlF9pV3Z0oGC6xUT2fX9BFu8dxpl5lurUQBl9MCdH4+bSiMIPi03BFe+xHR8EIw==",
      "dependencies": {
        "@peculiar/asn1-schema": "^2.3.3",
        "@peculiar/asn1-x509": "^2.3.4",
        "asn1js": "^3.0.5",
        "tslib": "^2.4.0"
      }
    },
    "node_modules/@peculiar/asn1-rsa/node_modules/tslib": {
      "version": "2.5.0",
      "resolved": "https://registry.npmjs.org/tslib/-/tslib-2.5.0.tgz",
      "integrity": "sha512-336iVw3rtn2BUK7ORdIAHTyxHGRIHVReokCR3XjbckJMK7ms8FysBfhLR8IXnAgy7T0PTPNBWKiH514FOW/WSg=="
    },
    "node_modules/@peculiar/asn1-schema": {
      "version": "2.3.3",
      "resolved": "https://registry.npmjs.org/@peculiar/asn1-schema/-/asn1-schema-2.3.3.tgz",
      "integrity": "sha512-6GptMYDMyWBHTUKndHaDsRZUO/XMSgIns2krxcm2L7SEExRHwawFvSwNBhqNPR9HJwv3MruAiF1bhN0we6j6GQ==",
      "dependencies": {
        "asn1js": "^3.0.5",
        "pvtsutils": "^1.3.2",
        "tslib": "^2.4.0"
      }
    },
    "node_modules/@peculiar/asn1-schema/node_modules/tslib": {
      "version": "2.5.0",
      "resolved": "https://registry.npmjs.org/tslib/-/tslib-2.5.0.tgz",
      "integrity": "sha512-336iVw3rtn2BUK7ORdIAHTyxHGRIHVReokCR3XjbckJMK7ms8FysBfhLR8IXnAgy7T0PTPNBWKiH514FOW/WSg=="
    },
    "node_modules/@peculiar/asn1-x509": {
      "version": "2.3.4",
      "resolved": "https://registry.npmjs.org/@peculiar/asn1-x509/-/asn1-x509-2.3.4.tgz",
      "integrity": "sha512-NhA6U76kiGKTQG2WQyGfRS/piYHt7HxUsGb0IvQaiJheuucKb2CYu0/tOk1dayZcvFf6Pnf9HjFGQ/5ud/ndRQ==",
      "dependencies": {
        "@peculiar/asn1-schema": "^2.3.3",
        "asn1js": "^3.0.5",
        "ipaddr.js": "^2.0.1",
        "pvtsutils": "^1.3.2",
        "tslib": "^2.4.0"
      }
    },
    "node_modules/@peculiar/asn1-x509-attr": {
      "version": "2.3.4",
      "resolved": "https://registry.npmjs.org/@peculiar/asn1-x509-attr/-/asn1-x509-attr-2.3.4.tgz",
      "integrity": "sha512-ElOBb2Pw08zSK+fyH+pWlxaLfDZ3ZUM+kx1II0xjMGlmMWXTvlWR74IT5I7H4RnviXAM6BICwQvWacprVxCqcg==",
      "dependencies": {
        "@peculiar/asn1-schema": "^2.3.3",
        "@peculiar/asn1-x509": "^2.3.4",
        "asn1js": "^3.0.5",
        "tslib": "^2.4.0"
      }
    },
    "node_modules/@peculiar/asn1-x509-attr/node_modules/tslib": {
      "version": "2.5.0",
      "resolved": "https://registry.npmjs.org/tslib/-/tslib-2.5.0.tgz",
      "integrity": "sha512-336iVw3rtn2BUK7ORdIAHTyxHGRIHVReokCR3XjbckJMK7ms8FysBfhLR8IXnAgy7T0PTPNBWKiH514FOW/WSg=="
    },
    "node_modules/@peculiar/asn1-x509/node_modules/tslib": {
      "version": "2.5.0",
      "resolved": "https://registry.npmjs.org/tslib/-/tslib-2.5.0.tgz",
      "integrity": "sha512-336iVw3rtn2BUK7ORdIAHTyxHGRIHVReokCR3XjbckJMK7ms8FysBfhLR8IXnAgy7T0PTPNBWKiH514FOW/WSg=="
    },
    "node_modules/@peculiar/json-schema": {
      "version": "1.1.12",
      "resolved": "https://registry.npmjs.org/@peculiar/json-schema/-/json-schema-1.1.12.tgz",
      "integrity": "sha512-coUfuoMeIB7B8/NMekxaDzLhaYmp0HZNPEjYRm9goRou8UZIC3z21s0sL9AWoCw4EG876QyO3kYrc61WNF9B/w==",
      "dependencies": {
        "tslib": "^2.0.0"
      },
      "engines": {
        "node": ">=8.0.0"
      }
    },
    "node_modules/@peculiar/json-schema/node_modules/tslib": {
      "version": "2.5.0",
      "resolved": "https://registry.npmjs.org/tslib/-/tslib-2.5.0.tgz",
      "integrity": "sha512-336iVw3rtn2BUK7ORdIAHTyxHGRIHVReokCR3XjbckJMK7ms8FysBfhLR8IXnAgy7T0PTPNBWKiH514FOW/WSg=="
    },
    "node_modules/@peculiar/x509": {
      "version": "1.9.3",
      "resolved": "https://registry.npmjs.org/@peculiar/x509/-/x509-1.9.3.tgz",
      "integrity": "sha512-rv1TrPi85jOtBJ7Xmqx08p3QPIE2avd5CWgtiwOIAbhV3hoUCLlGIUtXn9CuShfFBCjGy8EnZRQ6YbNFaDL8vw==",
      "dependencies": {
        "@peculiar/asn1-cms": "^2.3.4",
        "@peculiar/asn1-csr": "^2.3.4",
        "@peculiar/asn1-ecc": "^2.3.4",
        "@peculiar/asn1-pkcs9": "^2.3.4",
        "@peculiar/asn1-rsa": "^2.3.4",
        "@peculiar/asn1-schema": "^2.3.3",
        "@peculiar/asn1-x509": "^2.3.4",
        "pvtsutils": "^1.3.2",
        "reflect-metadata": "^0.1.13",
        "tslib": "^2.4.1",
        "tsyringe": "^4.7.0"
      }
    },
    "node_modules/@peculiar/x509/node_modules/tslib": {
      "version": "2.5.0",
      "resolved": "https://registry.npmjs.org/tslib/-/tslib-2.5.0.tgz",
      "integrity": "sha512-336iVw3rtn2BUK7ORdIAHTyxHGRIHVReokCR3XjbckJMK7ms8FysBfhLR8IXnAgy7T0PTPNBWKiH514FOW/WSg=="
    },
    "node_modules/asn1js": {
      "version": "3.0.5",
      "resolved": "https://registry.npmjs.org/asn1js/-/asn1js-3.0.5.tgz",
      "integrity": "sha512-FVnvrKJwpt9LP2lAMl8qZswRNm3T4q9CON+bxldk2iwk3FFpuwhx2FfinyitizWHsVYyaY+y5JzDR0rCMV5yTQ==",
      "dependencies": {
        "pvtsutils": "^1.3.2",
        "pvutils": "^1.1.3",
        "tslib": "^2.4.0"
      },
      "engines": {
        "node": ">=12.0.0"
      }
    },
    "node_modules/asn1js/node_modules/tslib": {
      "version": "2.5.0",
      "resolved": "https://registry.npmjs.org/tslib/-/tslib-2.5.0.tgz",
      "integrity": "sha512-336iVw3rtn2BUK7ORdIAHTyxHGRIHVReokCR3XjbckJMK7ms8FysBfhLR8IXnAgy7T0PTPNBWKiH514FOW/WSg=="
    },
    "node_modules/graphene-pk11": {
      "version": "2.3.2",
      "resolved": "https://registry.npmjs.org/graphene-pk11/-/graphene-pk11-2.3.2.tgz",
      "integrity": "sha512-fhRM7BF3MYAL6A6xgCLki/CHKfZpO8gRFpddQc/hqdPow6dymVBmgdKK23OE0HbG3LhB2yz8O+GkL2EejqXW7g==",
      "dependencies": {
        "pkcs11js": "^1.3.0",
        "tslib": "^2.4.0"
      },
      "engines": {
        "node": ">=10.4.0"
      },
      "funding": {
        "type": "github",
        "url": "https://github.com/sponsors/PeculiarVentures"
      }
    },
    "node_modules/graphene-pk11/node_modules/tslib": {
      "version": "2.5.0",
      "resolved": "https://registry.npmjs.org/tslib/-/tslib-2.5.0.tgz",
      "integrity": "sha512-336iVw3rtn2BUK7ORdIAHTyxHGRIHVReokCR3XjbckJMK7ms8FysBfhLR8IXnAgy7T0PTPNBWKiH514FOW/WSg=="
    },
    "node_modules/ipaddr.js": {
      "version": "2.0.1",
      "resolved": "https://registry.npmjs.org/ipaddr.js/-/ipaddr.js-2.0.1.tgz",
      "integrity": "sha512-1qTgH9NG+IIJ4yfKs2e6Pp1bZg8wbDbKHT21HrLIeYBTRLgMYKnMTPAuI3Lcs61nfx5h1xlXnbJtH1kX5/d/ng==",
      "engines": {
        "node": ">= 10"
      }
    },
    "node_modules/nan": {
      "version": "2.17.0",
      "resolved": "https://registry.npmjs.org/nan/-/nan-2.17.0.tgz",
      "integrity": "sha512-2ZTgtl0nJsO0KQCjEpxcIr5D+Yv90plTitZt9JBfQvVJDS5seMl3FOvsh3+9CoYWXf/1l5OaZzzF6nDm4cagaQ=="
    },
    "node_modules/node-webcrypto-p11": {
      "version": "2.6.1",
      "resolved": "https://registry.npmjs.org/node-webcrypto-p11/-/node-webcrypto-p11-2.6.1.tgz",
      "integrity": "sha512-tUWX7oqLUhta9U8rz8G++MGN3XlomEaBPkfg+Vf2gkOGSJIFYeoHq2TB8+0LiHIopq9V3PS20xMfryas/xcx1w==",
      "dependencies": {
        "@peculiar/asn1-schema": "^2.3.3",
        "@peculiar/asn1-x509": "^2.3.4",
        "@peculiar/json-schema": "^1.1.12",
        "@peculiar/x509": "^1.9.3",
        "graphene-pk11": "^2.3.2",
        "pkcs11js": "^1.3.1",
        "pvtsutils": "^1.3.2",
        "tslib": "^2.5.0",
        "webcrypto-core": "^1.7.6"
      },
      "funding": {
        "type": "github",
        "url": "https://github.com/sponsors/PeculiarVentures"
      }
    },
    "node_modules/node-webcrypto-p11/node_modules/tslib": {
      "version": "2.5.0",
      "resolved": "https://registry.npmjs.org/tslib/-/tslib-2.5.0.tgz",
      "integrity": "sha512-336iVw3rtn2BUK7ORdIAHTyxHGRIHVReokCR3XjbckJMK7ms8FysBfhLR8IXnAgy7T0PTPNBWKiH514FOW/WSg=="
    },
    "node_modules/pkcs11js": {
      "version": "1.3.1",
      "resolved": "https://registry.npmjs.org/pkcs11js/-/pkcs11js-1.3.1.tgz",
      "integrity": "sha512-eo7fTeQwYGzX1pFmRaf4ji/WcDW2XKpwqylOwzutsjNWECv6G9PzDHj3Yj5dX9EW/fydMnJG8xvWj/btnQT9TA==",
      "hasInstallScript": true,
      "dependencies": {
        "nan": "^2.15.0"
      },
      "funding": {
        "type": "github",
        "url": "https://github.com/sponsors/PeculiarVentures"
      }
    },
    "node_modules/pvtsutils": {
      "version": "1.3.2",
      "resolved": "https://registry.npmjs.org/pvtsutils/-/pvtsutils-1.3.2.tgz",
      "integrity": "sha512-+Ipe2iNUyrZz+8K/2IOo+kKikdtfhRKzNpQbruF2URmqPtoqAs8g3xS7TJvFF2GcPXjh7DkqMnpVveRFq4PgEQ==",
      "dependencies": {
        "tslib": "^2.4.0"
      }
    },
    "node_modules/pvtsutils/node_modules/tslib": {
      "version": "2.5.0",
      "resolved": "https://registry.npmjs.org/tslib/-/tslib-2.5.0.tgz",
      "integrity": "sha512-336iVw3rtn2BUK7ORdIAHTyxHGRIHVReokCR3XjbckJMK7ms8FysBfhLR8IXnAgy7T0PTPNBWKiH514FOW/WSg=="
    },
    "node_modules/pvutils": {
      "version": "1.1.3",
      "resolved": "https://registry.npmjs.org/pvutils/-/pvutils-1.1.3.tgz",
      "integrity": "sha512-pMpnA0qRdFp32b1sJl1wOJNxZLQ2cbQx+k6tjNtZ8CpvVhNqEPRgivZ2WOUev2YMajecdH7ctUPDvEe87nariQ==",
      "engines": {
        "node": ">=6.0.0"
      }
    },
    "node_modules/reflect-metadata": {
      "version": "0.1.13",
      "resolved": "https://registry.npmjs.org/reflect-metadata/-/reflect-metadata-0.1.13.tgz",
      "integrity": "sha512-Ts1Y/anZELhSsjMcU605fU9RE4Oi3p5ORujwbIKXfWa+0Zxs510Qrmrce5/Jowq3cHSZSJqBjypxmHarc+vEWg=="
    },
    "node_modules/tslib": {
      "version": "1.14.1",
      "resolved": "https://registry.npmjs.org/tslib/-/tslib-1.14.1.tgz",
      "integrity": "sha512-Xni35NKzjgMrwevysHTCArtLDpPvye8zV/0E4EyYn43P7/7qvQwPh9BGkHewbMulVntbigmcT7rdX3BNo9wRJg=="
    },
    "node_modules/tsyringe": {
      "version": "4.7.0",
      "resolved": "https://registry.npmjs.org/tsyringe/-/tsyringe-4.7.0.tgz",
      "integrity": "sha512-ncFDM1jTLsok4ejMvSW5jN1VGPQD48y2tfAR0pdptWRKYX4bkbqPt92k7KJ5RFJ1KV36JEs/+TMh7I6OUgj74g==",
      "dependencies": {
        "tslib": "^1.9.3"
      },
      "engines": {
        "node": ">= 6.0.0"
      }
    },
    "node_modules/webcrypto-core": {
      "version": "1.7.6",
      "resolved": "https://registry.npmjs.org/webcrypto-core/-/webcrypto-core-1.7.6.tgz",
      "integrity": "sha512-TBPiewB4Buw+HI3EQW+Bexm19/W4cP/qZG/02QJCXN+iN+T5sl074vZ3rJcle/ZtDBQSgjkbsQO/1eFcxnSBUA==",
      "dependencies": {
        "@peculiar/asn1-schema": "^2.1.6",
        "@peculiar/json-schema": "^1.1.12",
        "asn1js": "^3.0.1",
        "pvtsutils": "^1.3.2",
        "tslib": "^2.4.0"
      }
    },
    "node_modules/webcrypto-core/node_modules/tslib": {
      "version": "2.5.0",
      "resolved": "https://registry.npmjs.org/tslib/-/tslib-2.5.0.tgz",
      "integrity": "sha512-336iVw3rtn2BUK7ORdIAHTyxHGRIHVReokCR3XjbckJMK7ms8FysBfhLR8IXnAgy7T0PTPNBWKiH514FOW/WSg=="
    }
  }
}
