{
  "name": "hsm",
  "version": "1.0.0",
  "lockfileVersion": 3,
  "requires": true,
  "packages": {
    "": {
      "name": "hsm",
      "version": "1.0.0",
      "license": "SEE LICENCE IN license.md",
      "dependencies": {
        "@peculiar/x509": "^1.9.3",
        "dotenv": "^16.0.3",
        "jsdoc": "^4.0.2",
        "node-webcrypto-p11": "^2.6.1"
      }
    },
    "node_modules/@babel/parser": {
      "version": "7.21.3",
      "resolved": "https://registry.npmjs.org/@babel/parser/-/parser-7.21.3.tgz",
      "integrity": "sha512-lobG0d7aOfQRXh8AyklEAgZGvA4FShxo6xQbUrrT/cNBPUdIDojlokwJsQyCC/eKia7ifqM0yP+2DRZ4WKw2RQ==",
      "bin": {
        "parser": "bin/babel-parser.js"
      },
      "engines": {
        "node": ">=6.0.0"
      }
    },
    "node_modules/@jsdoc/salty": {
      "version": "0.2.5",
      "resolved": "https://registry.npmjs.org/@jsdoc/salty/-/salty-0.2.5.tgz",
      "integrity": "sha512-TfRP53RqunNe2HBobVBJ0VLhK1HbfvBYeTC1ahnN64PWvyYyGebmMiPkuwvD9fpw2ZbkoPb8Q7mwy0aR8Z9rvw==",
      "dependencies": {
        "lodash": "^4.17.21"
      },
      "engines": {
        "node": ">=v12.0.0"
      }
    },
    "node_modules/@peculiar/asn1-cms": {
      "version": "2.3.4",
      "resolved": "https://registry.npmjs.org/@peculiar/asn1-cms/-/asn1-cms-2.3.4.tgz",
      "integrity": "sha512-tpPA+/qsrkaEiVhZYebprtLmQCfAeI40A2zrw+TmXCxTUSL59LweremOBlFr5fSp+6rLORdGqu/NM+hHhbJKMg==",
      "dependencies": {
        "@peculiar/asn1-schema": "^2.3.3",
        "@peculiar/asn1-x509": "^2.3.4",
        "@peculiar/asn1-x509-attr": "^2.3.4",
        "asn1js": "^3.0.5",
        "tslib": "^2.4.0"
      }
    },
    "node_modules/@peculiar/asn1-cms/node_modules/tslib": {
      "version": "2.5.0",
      "resolved": "https://registry.npmjs.org/tslib/-/tslib-2.5.0.tgz",
      "integrity": "sha512-336iVw3rtn2BUK7ORdIAHTyxHGRIHVReokCR3XjbckJMK7ms8FysBfhLR8IXnAgy7T0PTPNBWKiH514FOW/WSg=="
    },
    "node_modules/@peculiar/asn1-csr": {
      "version": "2.3.4",
      "resolved": "https://registry.npmjs.org/@peculiar/asn1-csr/-/asn1-csr-2.3.4.tgz",
      "integrity": "sha512-2TO212diBwXnR7/PH393ADWVA8LHGmOwmPiRPU0qZ928KzYRore8+vt9I62UmJHMaEAbXo3NVUCw1qR4njXpeQ==",
      "dependencies": {
        "@peculiar/asn1-schema": "^2.3.3",
        "@peculiar/asn1-x509": "^2.3.4",
        "asn1js": "^3.0.5",
        "tslib": "^2.4.0"
      }
    },
    "node_modules/@peculiar/asn1-csr/node_modules/tslib": {
      "version": "2.5.0",
      "resolved": "https://registry.npmjs.org/tslib/-/tslib-2.5.0.tgz",
      "integrity": "sha512-336iVw3rtn2BUK7ORdIAHTyxHGRIHVReokCR3XjbckJMK7ms8FysBfhLR8IXnAgy7T0PTPNBWKiH514FOW/WSg=="
    },
    "node_modules/@peculiar/asn1-ecc": {
      "version": "2.3.4",
      "resolved": "https://registry.npmjs.org/@peculiar/asn1-ecc/-/asn1-ecc-2.3.4.tgz",
      "integrity": "sha512-Iid8DVaVg9/BGlLUKjAbQYF72kk3XZucuIgZm6OEFzF15IrfOAVPMI0yJ/JvrM2tREb9BDDIrHLHmV6QQngM+g==",
      "dependencies": {
        "@peculiar/asn1-schema": "^2.3.3",
        "@peculiar/asn1-x509": "^2.3.4",
        "asn1js": "^3.0.5",
        "tslib": "^2.4.0"
      }
    },
    "node_modules/@peculiar/asn1-ecc/node_modules/tslib": {
      "version": "2.5.0",
      "resolved": "https://registry.npmjs.org/tslib/-/tslib-2.5.0.tgz",
      "integrity": "sha512-336iVw3rtn2BUK7ORdIAHTyxHGRIHVReokCR3XjbckJMK7ms8FysBfhLR8IXnAgy7T0PTPNBWKiH514FOW/WSg=="
    },
    "node_modules/@peculiar/asn1-pfx": {
      "version": "2.3.4",
      "resolved": "https://registry.npmjs.org/@peculiar/asn1-pfx/-/asn1-pfx-2.3.4.tgz",
      "integrity": "sha512-CtKO2FDxvJN6cHogdRr1SAyJRyQ9/jtwNu3HwM1tVBhNYjtaLAiLx4LOW8/ILyGlr5b5HijtZyh6FRV7FMi9pw==",
      "dependencies": {
        "@peculiar/asn1-cms": "^2.3.4",
        "@peculiar/asn1-pkcs8": "^2.3.4",
        "@peculiar/asn1-rsa": "^2.3.4",
        "@peculiar/asn1-schema": "^2.3.3",
        "asn1js": "^3.0.5",
        "tslib": "^2.4.0"
      }
    },
    "node_modules/@peculiar/asn1-pfx/node_modules/tslib": {
      "version": "2.5.0",
      "resolved": "https://registry.npmjs.org/tslib/-/tslib-2.5.0.tgz",
      "integrity": "sha512-336iVw3rtn2BUK7ORdIAHTyxHGRIHVReokCR3XjbckJMK7ms8FysBfhLR8IXnAgy7T0PTPNBWKiH514FOW/WSg=="
    },
    "node_modules/@peculiar/asn1-pkcs8": {
      "version": "2.3.4",
      "resolved": "https://registry.npmjs.org/@peculiar/asn1-pkcs8/-/asn1-pkcs8-2.3.4.tgz",
      "integrity": "sha512-XmWSLkFgoDwjiHM+I5Qzn8J/7q75c2q3qDyBqsrn/JpLqnyXVPWWYCtJe8OhMTy5OcEG0ntq9kNWBZIFqhoDsg==",
      "dependencies": {
        "@peculiar/asn1-schema": "^2.3.3",
        "@peculiar/asn1-x509": "^2.3.4",
        "asn1js": "^3.0.5",
        "tslib": "^2.4.0"
      }
    },
    "node_modules/@peculiar/asn1-pkcs8/node_modules/tslib": {
      "version": "2.5.0",
      "resolved": "https://registry.npmjs.org/tslib/-/tslib-2.5.0.tgz",
      "integrity": "sha512-336iVw3rtn2BUK7ORdIAHTyxHGRIHVReokCR3XjbckJMK7ms8FysBfhLR8IXnAgy7T0PTPNBWKiH514FOW/WSg=="
    },
    "node_modules/@peculiar/asn1-pkcs9": {
      "version": "2.3.4",
      "resolved": "https://registry.npmjs.org/@peculiar/asn1-pkcs9/-/asn1-pkcs9-2.3.4.tgz",
      "integrity": "sha512-O/iAdTCtIaAx/eMQ2lgkH6y9XFNjPYSX7bsmDRmmpJO3HGTWsKcYt0lf9zaqkhR6x4/6obG8S1Rc/5L6KYgXcA==",
      "dependencies": {
        "@peculiar/asn1-cms": "^2.3.4",
        "@peculiar/asn1-pfx": "^2.3.4",
        "@peculiar/asn1-pkcs8": "^2.3.4",
        "@peculiar/asn1-schema": "^2.3.3",
        "@peculiar/asn1-x509": "^2.3.4",
        "@peculiar/asn1-x509-attr": "^2.3.4",
        "asn1js": "^3.0.5",
        "tslib": "^2.4.0"
      }
    },
    "node_modules/@peculiar/asn1-pkcs9/node_modules/tslib": {
      "version": "2.5.0",
      "resolved": "https://registry.npmjs.org/tslib/-/tslib-2.5.0.tgz",
      "integrity": "sha512-336iVw3rtn2BUK7ORdIAHTyxHGRIHVReokCR3XjbckJMK7ms8FysBfhLR8IXnAgy7T0PTPNBWKiH514FOW/WSg=="
    },
    "node_modules/@peculiar/asn1-rsa": {
      "version": "2.3.4",
      "resolved": "https://registry.npmjs.org/@peculiar/asn1-rsa/-/asn1-rsa-2.3.4.tgz",
      "integrity": "sha512-RMQu0a/dfylQpO+jNZD80MuNlF9pV3Z0oGC6xUT2fX9BFu8dxpl5lurUQBl9MCdH4+bSiMIPi03BFe+xHR8EIw==",
      "dependencies": {
        "@peculiar/asn1-schema": "^2.3.3",
        "@peculiar/asn1-x509": "^2.3.4",
        "asn1js": "^3.0.5",
        "tslib": "^2.4.0"
      }
    },
    "node_modules/@peculiar/asn1-rsa/node_modules/tslib": {
      "version": "2.5.0",
      "resolved": "https://registry.npmjs.org/tslib/-/tslib-2.5.0.tgz",
      "integrity": "sha512-336iVw3rtn2BUK7ORdIAHTyxHGRIHVReokCR3XjbckJMK7ms8FysBfhLR8IXnAgy7T0PTPNBWKiH514FOW/WSg=="
    },
    "node_modules/@peculiar/asn1-schema": {
      "version": "2.3.3",
      "resolved": "https://registry.npmjs.org/@peculiar/asn1-schema/-/asn1-schema-2.3.3.tgz",
      "integrity": "sha512-6GptMYDMyWBHTUKndHaDsRZUO/XMSgIns2krxcm2L7SEExRHwawFvSwNBhqNPR9HJwv3MruAiF1bhN0we6j6GQ==",
      "dependencies": {
        "asn1js": "^3.0.5",
        "pvtsutils": "^1.3.2",
        "tslib": "^2.4.0"
      }
    },
    "node_modules/@peculiar/asn1-schema/node_modules/tslib": {
      "version": "2.5.0",
      "resolved": "https://registry.npmjs.org/tslib/-/tslib-2.5.0.tgz",
      "integrity": "sha512-336iVw3rtn2BUK7ORdIAHTyxHGRIHVReokCR3XjbckJMK7ms8FysBfhLR8IXnAgy7T0PTPNBWKiH514FOW/WSg=="
    },
    "node_modules/@peculiar/asn1-x509": {
      "version": "2.3.4",
      "resolved": "https://registry.npmjs.org/@peculiar/asn1-x509/-/asn1-x509-2.3.4.tgz",
      "integrity": "sha512-NhA6U76kiGKTQG2WQyGfRS/piYHt7HxUsGb0IvQaiJheuucKb2CYu0/tOk1dayZcvFf6Pnf9HjFGQ/5ud/ndRQ==",
      "dependencies": {
        "@peculiar/asn1-schema": "^2.3.3",
        "asn1js": "^3.0.5",
        "ipaddr.js": "^2.0.1",
        "pvtsutils": "^1.3.2",
        "tslib": "^2.4.0"
      }
    },
    "node_modules/@peculiar/asn1-x509-attr": {
      "version": "2.3.4",
      "resolved": "https://registry.npmjs.org/@peculiar/asn1-x509-attr/-/asn1-x509-attr-2.3.4.tgz",
      "integrity": "sha512-ElOBb2Pw08zSK+fyH+pWlxaLfDZ3ZUM+kx1II0xjMGlmMWXTvlWR74IT5I7H4RnviXAM6BICwQvWacprVxCqcg==",
      "dependencies": {
        "@peculiar/asn1-schema": "^2.3.3",
        "@peculiar/asn1-x509": "^2.3.4",
        "asn1js": "^3.0.5",
        "tslib": "^2.4.0"
      }
    },
    "node_modules/@peculiar/asn1-x509-attr/node_modules/tslib": {
      "version": "2.5.0",
      "resolved": "https://registry.npmjs.org/tslib/-/tslib-2.5.0.tgz",
      "integrity": "sha512-336iVw3rtn2BUK7ORdIAHTyxHGRIHVReokCR3XjbckJMK7ms8FysBfhLR8IXnAgy7T0PTPNBWKiH514FOW/WSg=="
    },
    "node_modules/@peculiar/asn1-x509/node_modules/tslib": {
      "version": "2.5.0",
      "resolved": "https://registry.npmjs.org/tslib/-/tslib-2.5.0.tgz",
      "integrity": "sha512-336iVw3rtn2BUK7ORdIAHTyxHGRIHVReokCR3XjbckJMK7ms8FysBfhLR8IXnAgy7T0PTPNBWKiH514FOW/WSg=="
    },
    "node_modules/@peculiar/json-schema": {
      "version": "1.1.12",
      "resolved": "https://registry.npmjs.org/@peculiar/json-schema/-/json-schema-1.1.12.tgz",
      "integrity": "sha512-coUfuoMeIB7B8/NMekxaDzLhaYmp0HZNPEjYRm9goRou8UZIC3z21s0sL9AWoCw4EG876QyO3kYrc61WNF9B/w==",
      "dependencies": {
        "tslib": "^2.0.0"
      },
      "engines": {
        "node": ">=8.0.0"
      }
    },
    "node_modules/@peculiar/json-schema/node_modules/tslib": {
      "version": "2.5.0",
      "resolved": "https://registry.npmjs.org/tslib/-/tslib-2.5.0.tgz",
      "integrity": "sha512-336iVw3rtn2BUK7ORdIAHTyxHGRIHVReokCR3XjbckJMK7ms8FysBfhLR8IXnAgy7T0PTPNBWKiH514FOW/WSg=="
    },
    "node_modules/@peculiar/x509": {
      "version": "1.9.3",
      "resolved": "https://registry.npmjs.org/@peculiar/x509/-/x509-1.9.3.tgz",
      "integrity": "sha512-rv1TrPi85jOtBJ7Xmqx08p3QPIE2avd5CWgtiwOIAbhV3hoUCLlGIUtXn9CuShfFBCjGy8EnZRQ6YbNFaDL8vw==",
      "dependencies": {
        "@peculiar/asn1-cms": "^2.3.4",
        "@peculiar/asn1-csr": "^2.3.4",
        "@peculiar/asn1-ecc": "^2.3.4",
        "@peculiar/asn1-pkcs9": "^2.3.4",
        "@peculiar/asn1-rsa": "^2.3.4",
        "@peculiar/asn1-schema": "^2.3.3",
        "@peculiar/asn1-x509": "^2.3.4",
        "pvtsutils": "^1.3.2",
        "reflect-metadata": "^0.1.13",
        "tslib": "^2.4.1",
        "tsyringe": "^4.7.0"
      }
    },
    "node_modules/@peculiar/x509/node_modules/tslib": {
      "version": "2.5.0",
      "resolved": "https://registry.npmjs.org/tslib/-/tslib-2.5.0.tgz",
      "integrity": "sha512-336iVw3rtn2BUK7ORdIAHTyxHGRIHVReokCR3XjbckJMK7ms8FysBfhLR8IXnAgy7T0PTPNBWKiH514FOW/WSg=="
    },
    "node_modules/@types/linkify-it": {
      "version": "3.0.2",
      "resolved": "https://registry.npmjs.org/@types/linkify-it/-/linkify-it-3.0.2.tgz",
      "integrity": "sha512-HZQYqbiFVWufzCwexrvh694SOim8z2d+xJl5UNamcvQFejLY/2YUtzXHYi3cHdI7PMlS8ejH2slRAOJQ32aNbA=="
    },
    "node_modules/@types/markdown-it": {
      "version": "12.2.3",
      "resolved": "https://registry.npmjs.org/@types/markdown-it/-/markdown-it-12.2.3.tgz",
      "integrity": "sha512-GKMHFfv3458yYy+v/N8gjufHO6MSZKCOXpZc5GXIWWy8uldwfmPn98vp81gZ5f9SVw8YYBctgfJ22a2d7AOMeQ==",
      "dependencies": {
        "@types/linkify-it": "*",
        "@types/mdurl": "*"
      }
    },
    "node_modules/@types/mdurl": {
      "version": "1.0.2",
      "resolved": "https://registry.npmjs.org/@types/mdurl/-/mdurl-1.0.2.tgz",
      "integrity": "sha512-eC4U9MlIcu2q0KQmXszyn5Akca/0jrQmwDRgpAMJai7qBWq4amIQhZyNau4VYGtCeALvW1/NtjzJJ567aZxfKA=="
    },
    "node_modules/argparse": {
      "version": "2.0.1",
      "resolved": "https://registry.npmjs.org/argparse/-/argparse-2.0.1.tgz",
      "integrity": "sha512-8+9WqebbFzpX9OR+Wa6O29asIogeRMzcGtAINdpMHHyAg10f05aSFVBbcEqGf/PXw1EjAZ+q2/bEBg3DvurK3Q=="
    },
    "node_modules/asn1js": {
      "version": "3.0.5",
      "resolved": "https://registry.npmjs.org/asn1js/-/asn1js-3.0.5.tgz",
      "integrity": "sha512-FVnvrKJwpt9LP2lAMl8qZswRNm3T4q9CON+bxldk2iwk3FFpuwhx2FfinyitizWHsVYyaY+y5JzDR0rCMV5yTQ==",
      "dependencies": {
        "pvtsutils": "^1.3.2",
        "pvutils": "^1.1.3",
        "tslib": "^2.4.0"
      },
      "engines": {
        "node": ">=12.0.0"
      }
    },
    "node_modules/asn1js/node_modules/tslib": {
      "version": "2.5.0",
      "resolved": "https://registry.npmjs.org/tslib/-/tslib-2.5.0.tgz",
      "integrity": "sha512-336iVw3rtn2BUK7ORdIAHTyxHGRIHVReokCR3XjbckJMK7ms8FysBfhLR8IXnAgy7T0PTPNBWKiH514FOW/WSg=="
    },
    "node_modules/bluebird": {
      "version": "3.7.2",
      "resolved": "https://registry.npmjs.org/bluebird/-/bluebird-3.7.2.tgz",
      "integrity": "sha512-XpNj6GDQzdfW+r2Wnn7xiSAd7TM3jzkxGXBGTtWKuSXv1xUV+azxAm8jdWZN06QTQk+2N2XB9jRDkvbmQmcRtg=="
    },
    "node_modules/catharsis": {
      "version": "0.9.0",
      "resolved": "https://registry.npmjs.org/catharsis/-/catharsis-0.9.0.tgz",
      "integrity": "sha512-prMTQVpcns/tzFgFVkVp6ak6RykZyWb3gu8ckUpd6YkTlacOd3DXGJjIpD4Q6zJirizvaiAjSSHlOsA+6sNh2A==",
      "dependencies": {
        "lodash": "^4.17.15"
      },
      "engines": {
        "node": ">= 10"
      }
    },
    "node_modules/dotenv": {
      "version": "16.0.3",
      "resolved": "https://registry.npmjs.org/dotenv/-/dotenv-16.0.3.tgz",
      "integrity": "sha512-7GO6HghkA5fYG9TYnNxi14/7K9f5occMlp3zXAuSxn7CKCxt9xbNWG7yF8hTCSUchlfWSe3uLmlPfigevRItzQ==",
      "engines": {
        "node": ">=12"
      }
    },
    "node_modules/entities": {
      "version": "2.1.0",
      "resolved": "https://registry.npmjs.org/entities/-/entities-2.1.0.tgz",
      "integrity": "sha512-hCx1oky9PFrJ611mf0ifBLBRW8lUUVRlFolb5gWRfIELabBlbp9xZvrqZLZAs+NxFnbfQoeGd8wDkygjg7U85w==",
      "funding": {
        "url": "https://github.com/fb55/entities?sponsor=1"
      }
    },
    "node_modules/escape-string-regexp": {
      "version": "2.0.0",
      "resolved": "https://registry.npmjs.org/escape-string-regexp/-/escape-string-regexp-2.0.0.tgz",
      "integrity": "sha512-UpzcLCXolUWcNu5HtVMHYdXJjArjsF9C0aNnquZYY4uW/Vu0miy5YoWvbV345HauVvcAUnpRuhMMcqTcGOY2+w==",
      "engines": {
        "node": ">=8"
      }
    },
    "node_modules/graceful-fs": {
      "version": "4.2.11",
      "resolved": "https://registry.npmjs.org/graceful-fs/-/graceful-fs-4.2.11.tgz",
      "integrity": "sha512-RbJ5/jmFcNNCcDV5o9eTnBLJ/HszWV0P73bc+Ff4nS/rJj+YaS6IGyiOL0VoBYX+l1Wrl3k63h/KrH+nhJ0XvQ=="
    },
    "node_modules/graphene-pk11": {
      "version": "2.3.2",
      "resolved": "https://registry.npmjs.org/graphene-pk11/-/graphene-pk11-2.3.2.tgz",
      "integrity": "sha512-fhRM7BF3MYAL6A6xgCLki/CHKfZpO8gRFpddQc/hqdPow6dymVBmgdKK23OE0HbG3LhB2yz8O+GkL2EejqXW7g==",
      "dependencies": {
        "pkcs11js": "^1.3.0",
        "tslib": "^2.4.0"
      },
      "engines": {
        "node": ">=10.4.0"
      },
      "funding": {
        "type": "github",
        "url": "https://github.com/sponsors/PeculiarVentures"
      }
    },
    "node_modules/graphene-pk11/node_modules/tslib": {
      "version": "2.5.0",
      "resolved": "https://registry.npmjs.org/tslib/-/tslib-2.5.0.tgz",
      "integrity": "sha512-336iVw3rtn2BUK7ORdIAHTyxHGRIHVReokCR3XjbckJMK7ms8FysBfhLR8IXnAgy7T0PTPNBWKiH514FOW/WSg=="
    },
    "node_modules/ipaddr.js": {
      "version": "2.0.1",
      "resolved": "https://registry.npmjs.org/ipaddr.js/-/ipaddr.js-2.0.1.tgz",
      "integrity": "sha512-1qTgH9NG+IIJ4yfKs2e6Pp1bZg8wbDbKHT21HrLIeYBTRLgMYKnMTPAuI3Lcs61nfx5h1xlXnbJtH1kX5/d/ng==",
      "engines": {
        "node": ">= 10"
      }
    },
    "node_modules/js2xmlparser": {
      "version": "4.0.2",
      "resolved": "https://registry.npmjs.org/js2xmlparser/-/js2xmlparser-4.0.2.tgz",
      "integrity": "sha512-6n4D8gLlLf1n5mNLQPRfViYzu9RATblzPEtm1SthMX1Pjao0r9YI9nw7ZIfRxQMERS87mcswrg+r/OYrPRX6jA==",
      "dependencies": {
        "xmlcreate": "^2.0.4"
      }
    },
    "node_modules/jsdoc": {
      "version": "4.0.2",
      "resolved": "https://registry.npmjs.org/jsdoc/-/jsdoc-4.0.2.tgz",
      "integrity": "sha512-e8cIg2z62InH7azBBi3EsSEqrKx+nUtAS5bBcYTSpZFA+vhNPyhv8PTFZ0WsjOPDj04/dOLlm08EDcQJDqaGQg==",
      "dependencies": {
        "@babel/parser": "^7.20.15",
        "@jsdoc/salty": "^0.2.1",
        "@types/markdown-it": "^12.2.3",
        "bluebird": "^3.7.2",
        "catharsis": "^0.9.0",
        "escape-string-regexp": "^2.0.0",
        "js2xmlparser": "^4.0.2",
        "klaw": "^3.0.0",
        "markdown-it": "^12.3.2",
        "markdown-it-anchor": "^8.4.1",
        "marked": "^4.0.10",
        "mkdirp": "^1.0.4",
        "requizzle": "^0.2.3",
        "strip-json-comments": "^3.1.0",
        "underscore": "~1.13.2"
      },
      "bin": {
        "jsdoc": "jsdoc.js"
      },
      "engines": {
        "node": ">=12.0.0"
      }
    },
    "node_modules/klaw": {
      "version": "3.0.0",
      "resolved": "https://registry.npmjs.org/klaw/-/klaw-3.0.0.tgz",
      "integrity": "sha512-0Fo5oir+O9jnXu5EefYbVK+mHMBeEVEy2cmctR1O1NECcCkPRreJKrS6Qt/j3KC2C148Dfo9i3pCmCMsdqGr0g==",
      "dependencies": {
        "graceful-fs": "^4.1.9"
      }
    },
    "node_modules/linkify-it": {
      "version": "3.0.3",
      "resolved": "https://registry.npmjs.org/linkify-it/-/linkify-it-3.0.3.tgz",
      "integrity": "sha512-ynTsyrFSdE5oZ/O9GEf00kPngmOfVwazR5GKDq6EYfhlpFug3J2zybX56a2PRRpc9P+FuSoGNAwjlbDs9jJBPQ==",
      "dependencies": {
        "uc.micro": "^1.0.1"
      }
    },
    "node_modules/lodash": {
      "version": "4.17.21",
      "resolved": "https://registry.npmjs.org/lodash/-/lodash-4.17.21.tgz",
      "integrity": "sha512-v2kDEe57lecTulaDIuNTPy3Ry4gLGJ6Z1O3vE1krgXZNrsQ+LFTGHVxVjcXPs17LhbZVGedAJv8XZ1tvj5FvSg=="
    },
    "node_modules/markdown-it": {
      "version": "12.3.2",
      "resolved": "https://registry.npmjs.org/markdown-it/-/markdown-it-12.3.2.tgz",
      "integrity": "sha512-TchMembfxfNVpHkbtriWltGWc+m3xszaRD0CZup7GFFhzIgQqxIfn3eGj1yZpfuflzPvfkt611B2Q/Bsk1YnGg==",
      "dependencies": {
        "argparse": "^2.0.1",
        "entities": "~2.1.0",
        "linkify-it": "^3.0.1",
        "mdurl": "^1.0.1",
        "uc.micro": "^1.0.5"
      },
      "bin": {
        "markdown-it": "bin/markdown-it.js"
      }
    },
    "node_modules/markdown-it-anchor": {
      "version": "8.6.7",
      "resolved": "https://registry.npmjs.org/markdown-it-anchor/-/markdown-it-anchor-8.6.7.tgz",
      "integrity": "sha512-FlCHFwNnutLgVTflOYHPW2pPcl2AACqVzExlkGQNsi4CJgqOHN7YTgDd4LuhgN1BFO3TS0vLAruV1Td6dwWPJA==",
      "peerDependencies": {
        "@types/markdown-it": "*",
        "markdown-it": "*"
      }
    },
    "node_modules/marked": {
      "version": "4.3.0",
      "resolved": "https://registry.npmjs.org/marked/-/marked-4.3.0.tgz",
      "integrity": "sha512-PRsaiG84bK+AMvxziE/lCFss8juXjNaWzVbN5tXAm4XjeaS9NAHhop+PjQxz2A9h8Q4M/xGmzP8vqNwy6JeK0A==",
      "bin": {
        "marked": "bin/marked.js"
      },
      "engines": {
        "node": ">= 12"
      }
    },
    "node_modules/mdurl": {
      "version": "1.0.1",
      "resolved": "https://registry.npmjs.org/mdurl/-/mdurl-1.0.1.tgz",
      "integrity": "sha512-/sKlQJCBYVY9Ers9hqzKou4H6V5UWc/M59TH2dvkt+84itfnq7uFOMLpOiOS4ujvHP4etln18fmIxA5R5fll0g=="
    },
    "node_modules/mkdirp": {
      "version": "1.0.4",
      "resolved": "https://registry.npmjs.org/mkdirp/-/mkdirp-1.0.4.tgz",
      "integrity": "sha512-vVqVZQyf3WLx2Shd0qJ9xuvqgAyKPLAiqITEtqW0oIUjzo3PePDd6fW9iFz30ef7Ysp/oiWqbhszeGWW2T6Gzw==",
      "bin": {
        "mkdirp": "bin/cmd.js"
      },
      "engines": {
        "node": ">=10"
      }
    },
    "node_modules/nan": {
      "version": "2.17.0",
      "resolved": "https://registry.npmjs.org/nan/-/nan-2.17.0.tgz",
      "integrity": "sha512-2ZTgtl0nJsO0KQCjEpxcIr5D+Yv90plTitZt9JBfQvVJDS5seMl3FOvsh3+9CoYWXf/1l5OaZzzF6nDm4cagaQ=="
    },
    "node_modules/node-webcrypto-p11": {
      "version": "2.6.1",
      "resolved": "https://registry.npmjs.org/node-webcrypto-p11/-/node-webcrypto-p11-2.6.1.tgz",
      "integrity": "sha512-tUWX7oqLUhta9U8rz8G++MGN3XlomEaBPkfg+Vf2gkOGSJIFYeoHq2TB8+0LiHIopq9V3PS20xMfryas/xcx1w==",
      "dependencies": {
        "@peculiar/asn1-schema": "^2.3.3",
        "@peculiar/asn1-x509": "^2.3.4",
        "@peculiar/json-schema": "^1.1.12",
        "@peculiar/x509": "^1.9.3",
        "graphene-pk11": "^2.3.2",
        "pkcs11js": "^1.3.1",
        "pvtsutils": "^1.3.2",
        "tslib": "^2.5.0",
        "webcrypto-core": "^1.7.6"
      },
      "funding": {
        "type": "github",
        "url": "https://github.com/sponsors/PeculiarVentures"
      }
    },
    "node_modules/node-webcrypto-p11/node_modules/tslib": {
      "version": "2.5.0",
      "resolved": "https://registry.npmjs.org/tslib/-/tslib-2.5.0.tgz",
      "integrity": "sha512-336iVw3rtn2BUK7ORdIAHTyxHGRIHVReokCR3XjbckJMK7ms8FysBfhLR8IXnAgy7T0PTPNBWKiH514FOW/WSg=="
    },
    "node_modules/pkcs11js": {
      "version": "1.3.1",
      "resolved": "https://registry.npmjs.org/pkcs11js/-/pkcs11js-1.3.1.tgz",
      "integrity": "sha512-eo7fTeQwYGzX1pFmRaf4ji/WcDW2XKpwqylOwzutsjNWECv6G9PzDHj3Yj5dX9EW/fydMnJG8xvWj/btnQT9TA==",
      "hasInstallScript": true,
      "dependencies": {
        "nan": "^2.15.0"
      },
      "funding": {
        "type": "github",
        "url": "https://github.com/sponsors/PeculiarVentures"
      }
    },
    "node_modules/pvtsutils": {
      "version": "1.3.2",
      "resolved": "https://registry.npmjs.org/pvtsutils/-/pvtsutils-1.3.2.tgz",
      "integrity": "sha512-+Ipe2iNUyrZz+8K/2IOo+kKikdtfhRKzNpQbruF2URmqPtoqAs8g3xS7TJvFF2GcPXjh7DkqMnpVveRFq4PgEQ==",
      "dependencies": {
        "tslib": "^2.4.0"
      }
    },
    "node_modules/pvtsutils/node_modules/tslib": {
      "version": "2.5.0",
      "resolved": "https://registry.npmjs.org/tslib/-/tslib-2.5.0.tgz",
      "integrity": "sha512-336iVw3rtn2BUK7ORdIAHTyxHGRIHVReokCR3XjbckJMK7ms8FysBfhLR8IXnAgy7T0PTPNBWKiH514FOW/WSg=="
    },
    "node_modules/pvutils": {
      "version": "1.1.3",
      "resolved": "https://registry.npmjs.org/pvutils/-/pvutils-1.1.3.tgz",
      "integrity": "sha512-pMpnA0qRdFp32b1sJl1wOJNxZLQ2cbQx+k6tjNtZ8CpvVhNqEPRgivZ2WOUev2YMajecdH7ctUPDvEe87nariQ==",
      "engines": {
        "node": ">=6.0.0"
      }
    },
    "node_modules/reflect-metadata": {
      "version": "0.1.13",
      "resolved": "https://registry.npmjs.org/reflect-metadata/-/reflect-metadata-0.1.13.tgz",
      "integrity": "sha512-Ts1Y/anZELhSsjMcU605fU9RE4Oi3p5ORujwbIKXfWa+0Zxs510Qrmrce5/Jowq3cHSZSJqBjypxmHarc+vEWg=="
    },
    "node_modules/requizzle": {
      "version": "0.2.4",
      "resolved": "https://registry.npmjs.org/requizzle/-/requizzle-0.2.4.tgz",
      "integrity": "sha512-JRrFk1D4OQ4SqovXOgdav+K8EAhSB/LJZqCz8tbX0KObcdeM15Ss59ozWMBWmmINMagCwmqn4ZNryUGpBsl6Jw==",
      "dependencies": {
        "lodash": "^4.17.21"
      }
    },
    "node_modules/strip-json-comments": {
      "version": "3.1.1",
      "resolved": "https://registry.npmjs.org/strip-json-comments/-/strip-json-comments-3.1.1.tgz",
      "integrity": "sha512-6fPc+R4ihwqP6N/aIv2f1gMH8lOVtWQHoqC4yK6oSDVVocumAsfCqjkXnqiYMhmMwS/mEHLp7Vehlt3ql6lEig==",
      "engines": {
        "node": ">=8"
      },
      "funding": {
        "url": "https://github.com/sponsors/sindresorhus"
      }
    },
    "node_modules/tslib": {
      "version": "1.14.1",
      "resolved": "https://registry.npmjs.org/tslib/-/tslib-1.14.1.tgz",
      "integrity": "sha512-Xni35NKzjgMrwevysHTCArtLDpPvye8zV/0E4EyYn43P7/7qvQwPh9BGkHewbMulVntbigmcT7rdX3BNo9wRJg=="
    },
    "node_modules/tsyringe": {
      "version": "4.7.0",
      "resolved": "https://registry.npmjs.org/tsyringe/-/tsyringe-4.7.0.tgz",
      "integrity": "sha512-ncFDM1jTLsok4ejMvSW5jN1VGPQD48y2tfAR0pdptWRKYX4bkbqPt92k7KJ5RFJ1KV36JEs/+TMh7I6OUgj74g==",
      "dependencies": {
        "tslib": "^1.9.3"
      },
      "engines": {
        "node": ">= 6.0.0"
      }
    },
    "node_modules/uc.micro": {
      "version": "1.0.6",
      "resolved": "https://registry.npmjs.org/uc.micro/-/uc.micro-1.0.6.tgz",
      "integrity": "sha512-8Y75pvTYkLJW2hWQHXxoqRgV7qb9B+9vFEtidML+7koHUFapnVJAZ6cKs+Qjz5Aw3aZWHMC6u0wJE3At+nSGwA=="
    },
    "node_modules/underscore": {
      "version": "1.13.6",
      "resolved": "https://registry.npmjs.org/underscore/-/underscore-1.13.6.tgz",
      "integrity": "sha512-+A5Sja4HP1M08MaXya7p5LvjuM7K6q/2EaC0+iovj/wOcMsTzMvDFbasi/oSapiwOlt252IqsKqPjCl7huKS0A=="
    },
    "node_modules/webcrypto-core": {
      "version": "1.7.6",
      "resolved": "https://registry.npmjs.org/webcrypto-core/-/webcrypto-core-1.7.6.tgz",
      "integrity": "sha512-TBPiewB4Buw+HI3EQW+Bexm19/W4cP/qZG/02QJCXN+iN+T5sl074vZ3rJcle/ZtDBQSgjkbsQO/1eFcxnSBUA==",
      "dependencies": {
        "@peculiar/asn1-schema": "^2.1.6",
        "@peculiar/json-schema": "^1.1.12",
        "asn1js": "^3.0.1",
        "pvtsutils": "^1.3.2",
        "tslib": "^2.4.0"
      }
    },
    "node_modules/webcrypto-core/node_modules/tslib": {
      "version": "2.5.0",
      "resolved": "https://registry.npmjs.org/tslib/-/tslib-2.5.0.tgz",
      "integrity": "sha512-336iVw3rtn2BUK7ORdIAHTyxHGRIHVReokCR3XjbckJMK7ms8FysBfhLR8IXnAgy7T0PTPNBWKiH514FOW/WSg=="
    },
    "node_modules/xmlcreate": {
      "version": "2.0.4",
      "resolved": "https://registry.npmjs.org/xmlcreate/-/xmlcreate-2.0.4.tgz",
      "integrity": "sha512-nquOebG4sngPmGPICTS5EnxqhKbCmz5Ox5hsszI2T6U5qdrJizBc+0ilYSEjTSzU0yZcmvppztXe/5Al5fUwdg=="
    }
  }
}
